// !$*UTF8*$!
{
	archiveVersion = 1;
	classes = {
	};
	objectVersion = 77;
	objects = {

/* Begin PBXContainerItemProxy section */
		867B89152DDE3A9F008E6E20 /* PBXContainerItemProxy */ = {
			isa = PBXContainerItemProxy;
			containerPortal = 867B88FE2DDE3A9D008E6E20 /* Project object */;
			proxyType = 1;
			remoteGlobalIDString = 867B89052DDE3A9D008E6E20;
			remoteInfo = SampleRateSwitcher;
		};
		867B891F2DDE3A9F008E6E20 /* PBXContainerItemProxy */ = {
			isa = PBXContainerItemProxy;
			containerPortal = 867B88FE2DDE3A9D008E6E20 /* Project object */;
			proxyType = 1;
			remoteGlobalIDString = 867B89052DDE3A9D008E6E20;
			remoteInfo = SampleRateSwitcher;
		};
/* End PBXContainerItemProxy section */

/* Begin PBXFileReference section */
		867B89062DDE3A9D008E6E20 /* SampleRateSwitcher.app */ = {isa = PBXFileReference; explicitFileType = wrapper.application; includeInIndex = 0; path = SampleRateSwitcher.app; sourceTree = BUILT_PRODUCTS_DIR; };
		867B89142DDE3A9F008E6E20 /* SampleRateSwitcherTests.xctest */ = {isa = PBXFileReference; explicitFileType = wrapper.cfbundle; includeInIndex = 0; path = SampleRateSwitcherTests.xctest; sourceTree = BUILT_PRODUCTS_DIR; };
		867B891E2DDE3A9F008E6E20 /* SampleRateSwitcherUITests.xctest */ = {isa = PBXFileReference; explicitFileType = wrapper.cfbundle; includeInIndex = 0; path = SampleRateSwitcherUITests.xctest; sourceTree = BUILT_PRODUCTS_DIR; };
/* End PBXFileReference section */

/* Begin PBXFileSystemSynchronizedBuildFileExceptionSet section */
		867B89472DDE54B0008E6E20 /* Exceptions for "SampleRateSwitcher" folder in "SampleRateSwitcher" target */ = {
			isa = PBXFileSystemSynchronizedBuildFileExceptionSet;
			membershipExceptions = (
				Info.plist,
			);
			target = 867B89052DDE3A9D008E6E20 /* SampleRateSwitcher */;
		};
/* End PBXFileSystemSynchronizedBuildFileExceptionSet section */

/* Begin PBXFileSystemSynchronizedRootGroup section */
		867B89082DDE3A9D008E6E20 /* SampleRateSwitcher */ = {
			isa = PBXFileSystemSynchronizedRootGroup;
			exceptions = (
				867B89472DDE54B0008E6E20 /* Exceptions for "SampleRateSwitcher" folder in "SampleRateSwitcher" target */,
			);
			path = SampleRateSwitcher;
			sourceTree = "<group>";
		};
		867B89172DDE3A9F008E6E20 /* SampleRateSwitcherTests */ = {
			isa = PBXFileSystemSynchronizedRootGroup;
			path = SampleRateSwitcherTests;
			sourceTree = "<group>";
		};
		867B89212DDE3A9F008E6E20 /* SampleRateSwitcherUITests */ = {
			isa = PBXFileSystemSynchronizedRootGroup;
			path = SampleRateSwitcherUITests;
			sourceTree = "<group>";
		};
/* End PBXFileSystemSynchronizedRootGroup section */

/* Begin PBXFrameworksBuildPhase section */
		867B89032DDE3A9D008E6E20 /* Frameworks */ = {
			isa = PBXFrameworksBuildPhase;
			buildActionMask = 2147483647;
			files = (
			);
			runOnlyForDeploymentPostprocessing = 0;
		};
		867B89112DDE3A9F008E6E20 /* Frameworks */ = {
			isa = PBXFrameworksBuildPhase;
			buildActionMask = 2147483647;
			files = (
			);
			runOnlyForDeploymentPostprocessing = 0;
		};
		867B891B2DDE3A9F008E6E20 /* Frameworks */ = {
			isa = PBXFrameworksBuildPhase;
			buildActionMask = 2147483647;
			files = (
			);
			runOnlyForDeploymentPostprocessing = 0;
		};
/* End PBXFrameworksBuildPhase section */

/* Begin PBXGroup section */
		867B88FD2DDE3A9D008E6E20 = {
			isa = PBXGroup;
			children = (
				867B89082DDE3A9D008E6E20 /* SampleRateSwitcher */,
				867B89172DDE3A9F008E6E20 /* SampleRateSwitcherTests */,
				867B89212DDE3A9F008E6E20 /* SampleRateSwitcherUITests */,
				867B89072DDE3A9D008E6E20 /* Products */,
			);
			sourceTree = "<group>";
		};
		867B89072DDE3A9D008E6E20 /* Products */ = {
			isa = PBXGroup;
			children = (
				867B89062DDE3A9D008E6E20 /* SampleRateSwitcher.app */,
				867B89142DDE3A9F008E6E20 /* SampleRateSwitcherTests.xctest */,
				867B891E2DDE3A9F008E6E20 /* SampleRateSwitcherUITests.xctest */,
			);
			name = Products;
			sourceTree = "<group>";
		};
/* End PBXGroup section */

/* Begin PBXNativeTarget section */
		867B89052DDE3A9D008E6E20 /* SampleRateSwitcher */ = {
			isa = PBXNativeTarget;
			buildConfigurationList = 867B89282DDE3A9F008E6E20 /* Build configuration list for PBXNativeTarget "SampleRateSwitcher" */;
			buildPhases = (
				867B89022DDE3A9D008E6E20 /* Sources */,
				867B89032DDE3A9D008E6E20 /* Frameworks */,
				867B89042DDE3A9D008E6E20 /* Resources */,
			);
			buildRules = (
			);
			dependencies = (
			);
			fileSystemSynchronizedGroups = (
				867B89082DDE3A9D008E6E20 /* SampleRateSwitcher */,
			);
			name = SampleRateSwitcher;
			packageProductDependencies = (
			);
			productName = SampleRateSwitcher;
			productReference = 867B89062DDE3A9D008E6E20 /* SampleRateSwitcher.app */;
			productType = "com.apple.product-type.application";
		};
		867B89132DDE3A9F008E6E20 /* SampleRateSwitcherTests */ = {
			isa = PBXNativeTarget;
			buildConfigurationList = 867B892B2DDE3A9F008E6E20 /* Build configuration list for PBXNativeTarget "SampleRateSwitcherTests" */;
			buildPhases = (
				867B89102DDE3A9F008E6E20 /* Sources */,
				867B89112DDE3A9F008E6E20 /* Frameworks */,
				867B89122DDE3A9F008E6E20 /* Resources */,
			);
			buildRules = (
			);
			dependencies = (
				867B89162DDE3A9F008E6E20 /* PBXTargetDependency */,
			);
			fileSystemSynchronizedGroups = (
				867B89172DDE3A9F008E6E20 /* SampleRateSwitcherTests */,
			);
			name = SampleRateSwitcherTests;
			packageProductDependencies = (
			);
			productName = SampleRateSwitcherTests;
			productReference = 867B89142DDE3A9F008E6E20 /* SampleRateSwitcherTests.xctest */;
			productType = "com.apple.product-type.bundle.unit-test";
		};
		867B891D2DDE3A9F008E6E20 /* SampleRateSwitcherUITests */ = {
			isa = PBXNativeTarget;
			buildConfigurationList = 867B892E2DDE3A9F008E6E20 /* Build configuration list for PBXNativeTarget "SampleRateSwitcherUITests" */;
			buildPhases = (
				867B891A2DDE3A9F008E6E20 /* Sources */,
				867B891B2DDE3A9F008E6E20 /* Frameworks */,
				867B891C2DDE3A9F008E6E20 /* Resources */,
			);
			buildRules = (
			);
			dependencies = (
				867B89202DDE3A9F008E6E20 /* PBXTargetDependency */,
			);
			fileSystemSynchronizedGroups = (
				867B89212DDE3A9F008E6E20 /* SampleRateSwitcherUITests */,
			);
			name = SampleRateSwitcherUITests;
			packageProductDependencies = (
			);
			productName = SampleRateSwitcherUITests;
			productReference = 867B891E2DDE3A9F008E6E20 /* SampleRateSwitcherUITests.xctest */;
			productType = "com.apple.product-type.bundle.ui-testing";
		};
/* End PBXNativeTarget section */

/* Begin PBXProject section */
		867B88FE2DDE3A9D008E6E20 /* Project object */ = {
			isa = PBXProject;
			attributes = {
				BuildIndependentTargetsInParallel = 1;
				LastSwiftUpdateCheck = 1630;
				LastUpgradeCheck = 1630;
				TargetAttributes = {
					867B89052DDE3A9D008E6E20 = {
						CreatedOnToolsVersion = 16.3;
					};
					867B89132DDE3A9F008E6E20 = {
						CreatedOnToolsVersion = 16.3;
						TestTargetID = 867B89052DDE3A9D008E6E20;
					};
					867B891D2DDE3A9F008E6E20 = {
						CreatedOnToolsVersion = 16.3;
						TestTargetID = 867B89052DDE3A9D008E6E20;
					};
				};
			};
			buildConfigurationList = 867B89012DDE3A9D008E6E20 /* Build configuration list for PBXProject "SampleRateSwitcher" */;
			developmentRegion = en;
			hasScannedForEncodings = 0;
			knownRegions = (
				en,
				Base,
			);
			mainGroup = 867B88FD2DDE3A9D008E6E20;
			minimizedProjectReferenceProxies = 1;
			preferredProjectObjectVersion = 77;
			productRefGroup = 867B89072DDE3A9D008E6E20 /* Products */;
			projectDirPath = "";
			projectRoot = "";
			targets = (
				867B89052DDE3A9D008E6E20 /* SampleRateSwitcher */,
				867B89132DDE3A9F008E6E20 /* SampleRateSwitcherTests */,
				867B891D2DDE3A9F008E6E20 /* SampleRateSwitcherUITests */,
			);
		};
/* End PBXProject section */

/* Begin PBXResourcesBuildPhase section */
		867B89042DDE3A9D008E6E20 /* Resources */ = {
			isa = PBXResourcesBuildPhase;
			buildActionMask = 2147483647;
			files = (
			);
			runOnlyForDeploymentPostprocessing = 0;
		};
		867B89122DDE3A9F008E6E20 /* Resources */ = {
			isa = PBXResourcesBuildPhase;
			buildActionMask = 2147483647;
			files = (
			);
			runOnlyForDeploymentPostprocessing = 0;
		};
		867B891C2DDE3A9F008E6E20 /* Resources */ = {
			isa = PBXResourcesBuildPhase;
			buildActionMask = 2147483647;
			files = (
			);
			runOnlyForDeploymentPostprocessing = 0;
		};
/* End PBXResourcesBuildPhase section */

/* Begin PBXSourcesBuildPhase section */
		867B89022DDE3A9D008E6E20 /* Sources */ = {
			isa = PBXSourcesBuildPhase;
			buildActionMask = 2147483647;
			files = (
			);
			runOnlyForDeploymentPostprocessing = 0;
		};
		867B89102DDE3A9F008E6E20 /* Sources */ = {
			isa = PBXSourcesBuildPhase;
			buildActionMask = 2147483647;
			files = (
			);
			runOnlyForDeploymentPostprocessing = 0;
		};
		867B891A2DDE3A9F008E6E20 /* Sources */ = {
			isa = PBXSourcesBuildPhase;
			buildActionMask = 2147483647;
			files = (
			);
			runOnlyForDeploymentPostprocessing = 0;
		};
/* End PBXSourcesBuildPhase section */

/* Begin PBXTargetDependency section */
		867B89162DDE3A9F008E6E20 /* PBXTargetDependency */ = {
			isa = PBXTargetDependency;
			target = 867B89052DDE3A9D008E6E20 /* SampleRateSwitcher */;
			targetProxy = 867B89152DDE3A9F008E6E20 /* PBXContainerItemProxy */;
		};
		867B89202DDE3A9F008E6E20 /* PBXTargetDependency */ = {
			isa = PBXTargetDependency;
			target = 867B89052DDE3A9D008E6E20 /* SampleRateSwitcher */;
			targetProxy = 867B891F2DDE3A9F008E6E20 /* PBXContainerItemProxy */;
		};
/* End PBXTargetDependency section */

/* Begin XCBuildConfiguration section */
		867B89262DDE3A9F008E6E20 /* Debug */ = {
			isa = XCBuildConfiguration;
			buildSettings = {
				ALWAYS_SEARCH_USER_PATHS = NO;
				ASSETCATALOG_COMPILER_GENERATE_SWIFT_ASSET_SYMBOL_EXTENSIONS = YES;
				CLANG_ANALYZER_NONNULL = YES;
				CLANG_ANALYZER_NUMBER_OBJECT_CONVERSION = YES_AGGRESSIVE;
				CLANG_CXX_LANGUAGE_STANDARD = "gnu++20";
				CLANG_ENABLE_MODULES = YES;
				CLANG_ENABLE_OBJC_ARC = YES;
				CLANG_ENABLE_OBJC_WEAK = YES;
				CLANG_WARN_BLOCK_CAPTURE_AUTORELEASING = YES;
				CLANG_WARN_BOOL_CONVERSION = YES;
				CLANG_WARN_COMMA = YES;
				CLANG_WARN_CONSTANT_CONVERSION = YES;
				CLANG_WARN_DEPRECATED_OBJC_IMPLEMENTATIONS = YES;
				CLANG_WARN_DIRECT_OBJC_ISA_USAGE = YES_ERROR;
				CLANG_WARN_DOCUMENTATION_COMMENTS = YES;
				CLANG_WARN_EMPTY_BODY = YES;
				CLANG_WARN_ENUM_CONVERSION = YES;
				CLANG_WARN_INFINITE_RECURSION = YES;
				CLANG_WARN_INT_CONVERSION = YES;
				CLANG_WARN_NON_LITERAL_NULL_CONVERSION = YES;
				CLANG_WARN_OBJC_IMPLICIT_RETAIN_SELF = YES;
				CLANG_WARN_OBJC_LITERAL_CONVERSION = YES;
				CLANG_WARN_OBJC_ROOT_CLASS = YES_ERROR;
				CLANG_WARN_QUOTED_INCLUDE_IN_FRAMEWORK_HEADER = YES;
				CLANG_WARN_RANGE_LOOP_ANALYSIS = YES;
				CLANG_WARN_STRICT_PROTOTYPES = YES;
				CLANG_WARN_SUSPICIOUS_MOVE = YES;
				CLANG_WARN_UNGUARDED_AVAILABILITY = YES_AGGRESSIVE;
				CLANG_WARN_UNREACHABLE_CODE = YES;
				CLANG_WARN__DUPLICATE_METHOD_MATCH = YES;
				COPY_PHASE_STRIP = NO;
				DEBUG_INFORMATION_FORMAT = dwarf;
				ENABLE_STRICT_OBJC_MSGSEND = YES;
				ENABLE_TESTABILITY = YES;
				ENABLE_USER_SCRIPT_SANDBOXING = YES;
				GCC_C_LANGUAGE_STANDARD = gnu17;
				GCC_DYNAMIC_NO_PIC = NO;
				GCC_NO_COMMON_BLOCKS = YES;
				GCC_OPTIMIZATION_LEVEL = 0;
				GCC_PREPROCESSOR_DEFINITIONS = (
					"DEBUG=1",
					"$(inherited)",
				);
				GCC_WARN_64_TO_32_BIT_CONVERSION = YES;
				GCC_WARN_ABOUT_RETURN_TYPE = YES_ERROR;
				GCC_WARN_UNDECLARED_SELECTOR = YES;
				GCC_WARN_UNINITIALIZED_AUTOS = YES_AGGRESSIVE;
				GCC_WARN_UNUSED_FUNCTION = YES;
				GCC_WARN_UNUSED_VARIABLE = YES;
				LOCALIZATION_PREFERS_STRING_CATALOGS = YES;
				MACOSX_DEPLOYMENT_TARGET = 15.4;
				MTL_ENABLE_DEBUG_INFO = INCLUDE_SOURCE;
				MTL_FAST_MATH = YES;
				ONLY_ACTIVE_ARCH = YES;
				SDKROOT = macosx;
				SWIFT_ACTIVE_COMPILATION_CONDITIONS = "DEBUG $(inherited)";
				SWIFT_OPTIMIZATION_LEVEL = "-Onone";
			};
			name = Debug;
		};
		867B89272DDE3A9F008E6E20 /* Release */ = {
			isa = XCBuildConfiguration;
			buildSettings = {
				ALWAYS_SEARCH_USER_PATHS = NO;
				ASSETCATALOG_COMPILER_GENERATE_SWIFT_ASSET_SYMBOL_EXTENSIONS = YES;
				CLANG_ANALYZER_NONNULL = YES;
				CLANG_ANALYZER_NUMBER_OBJECT_CONVERSION = YES_AGGRESSIVE;
				CLANG_CXX_LANGUAGE_STANDARD = "gnu++20";
				CLANG_ENABLE_MODULES = YES;
				CLANG_ENABLE_OBJC_ARC = YES;
				CLANG_ENABLE_OBJC_WEAK = YES;
				CLANG_WARN_BLOCK_CAPTURE_AUTORELEASING = YES;
				CLANG_WARN_BOOL_CONVERSION = YES;
				CLANG_WARN_COMMA = YES;
				CLANG_WARN_CONSTANT_CONVERSION = YES;
				CLANG_WARN_DEPRECATED_OBJC_IMPLEMENTATIONS = YES;
				CLANG_WARN_DIRECT_OBJC_ISA_USAGE = YES_ERROR;
				CLANG_WARN_DOCUMENTATION_COMMENTS = YES;
				CLANG_WARN_EMPTY_BODY = YES;
				CLANG_WARN_ENUM_CONVERSION = YES;
				CLANG_WARN_INFINITE_RECURSION = YES;
				CLANG_WARN_INT_CONVERSION = YES;
				CLANG_WARN_NON_LITERAL_NULL_CONVERSION = YES;
				CLANG_WARN_OBJC_IMPLICIT_RETAIN_SELF = YES;
				CLANG_WARN_OBJC_LITERAL_CONVERSION = YES;
				CLANG_WARN_OBJC_ROOT_CLASS = YES_ERROR;
				CLANG_WARN_QUOTED_INCLUDE_IN_FRAMEWORK_HEADER = YES;
				CLANG_WARN_RANGE_LOOP_ANALYSIS = YES;
				CLANG_WARN_STRICT_PROTOTYPES = YES;
				CLANG_WARN_SUSPICIOUS_MOVE = YES;
				CLANG_WARN_UNGUARDED_AVAILABILITY = YES_AGGRESSIVE;
				CLANG_WARN_UNREACHABLE_CODE = YES;
				CLANG_WARN__DUPLICATE_METHOD_MATCH = YES;
				COPY_PHASE_STRIP = NO;
				DEBUG_INFORMATION_FORMAT = "dwarf-with-dsym";
				ENABLE_NS_ASSERTIONS = NO;
				ENABLE_STRICT_OBJC_MSGSEND = YES;
				ENABLE_USER_SCRIPT_SANDBOXING = YES;
				GCC_C_LANGUAGE_STANDARD = gnu17;
				GCC_NO_COMMON_BLOCKS = YES;
				GCC_WARN_64_TO_32_BIT_CONVERSION = YES;
				GCC_WARN_ABOUT_RETURN_TYPE = YES_ERROR;
				GCC_WARN_UNDECLARED_SELECTOR = YES;
				GCC_WARN_UNINITIALIZED_AUTOS = YES_AGGRESSIVE;
				GCC_WARN_UNUSED_FUNCTION = YES;
				GCC_WARN_UNUSED_VARIABLE = YES;
				LOCALIZATION_PREFERS_STRING_CATALOGS = YES;
				MACOSX_DEPLOYMENT_TARGET = 15.4;
				MTL_ENABLE_DEBUG_INFO = NO;
				MTL_FAST_MATH = YES;
				SDKROOT = macosx;
				SWIFT_COMPILATION_MODE = wholemodule;
			};
			name = Release;
		};
		867B89292DDE3A9F008E6E20 /* Debug */ = {
			isa = XCBuildConfiguration;
			buildSettings = {
				ASSETCATALOG_COMPILER_APPICON_NAME = AppIcon;
				ASSETCATALOG_COMPILER_GLOBAL_ACCENT_COLOR_NAME = AccentColor;
				ASSETCATALOG_COMPILER_INCLUDE_ALL_APPICON_ASSETS = YES;
				CODE_SIGN_ENTITLEMENTS = SampleRateSwitcher/SampleRateSwitcher.entitlements;
				CODE_SIGN_STYLE = Automatic;
				COMBINE_HIDPI_IMAGES = YES;
				CURRENT_PROJECT_VERSION = 1;
				DEVELOPMENT_TEAM = WYBC9G767Z;
				ENABLE_PREVIEWS = YES;
				GENERATE_INFOPLIST_FILE = YES;
				INFOPLIST_FILE = SampleRateSwitcher/Info.plist;
				INFOPLIST_KEY_NSHumanReadableCopyright = "";
				LD_RUNPATH_SEARCH_PATHS = (
					"$(inherited)",
					"@executable_path/../Frameworks",
				);
				MACOSX_DEPLOYMENT_TARGET = 15.4;
				MARKETING_VERSION = 1.0;
				PRODUCT_BUNDLE_IDENTIFIER = com.SampleRateSwitcher;
				PRODUCT_NAME = "$(TARGET_NAME)";
				REGISTER_APP_GROUPS = YES;
				SWIFT_EMIT_LOC_STRINGS = YES;
				SWIFT_VERSION = 5.0;
			};
			name = Debug;
		};
		867B892A2DDE3A9F008E6E20 /* Release */ = {
			isa = XCBuildConfiguration;
			buildSettings = {
				ASSETCATALOG_COMPILER_APPICON_NAME = AppIcon;
				ASSETCATALOG_COMPILER_GLOBAL_ACCENT_COLOR_NAME = AccentColor;
				ASSETCATALOG_COMPILER_INCLUDE_ALL_APPICON_ASSETS = YES;
				CODE_SIGN_ENTITLEMENTS = SampleRateSwitcher/SampleRateSwitcher.entitlements;
				CODE_SIGN_STYLE = Automatic;
				COMBINE_HIDPI_IMAGES = YES;
				CURRENT_PROJECT_VERSION = 1;
				DEVELOPMENT_TEAM = WYBC9G767Z;
				ENABLE_PREVIEWS = YES;
				GENERATE_INFOPLIST_FILE = YES;
				INFOPLIST_FILE = SampleRateSwitcher/Info.plist;
				INFOPLIST_KEY_NSHumanReadableCopyright = "";
				LD_RUNPATH_SEARCH_PATHS = (
					"$(inherited)",
					"@executable_path/../Frameworks",
				);
				MACOSX_DEPLOYMENT_TARGET = 15.4;
				MARKETING_VERSION = 1.0;
				PRODUCT_BUNDLE_IDENTIFIER = com.SampleRateSwitcher;
				PRODUCT_NAME = "$(TARGET_NAME)";
				REGISTER_APP_GROUPS = YES;
				SWIFT_EMIT_LOC_STRINGS = YES;
				SWIFT_VERSION = 5.0;
			};
			name = Release;
		};
		867B892C2DDE3A9F008E6E20 /* Debug */ = {
			isa = XCBuildConfiguration;
			buildSettings = {
				BUNDLE_LOADER = "$(TEST_HOST)";
				CODE_SIGN_STYLE = Automatic;
				CURRENT_PROJECT_VERSION = 1;
				GENERATE_INFOPLIST_FILE = YES;
				MACOSX_DEPLOYMENT_TARGET = 15.4;
				MARKETING_VERSION = 1.0;
				PRODUCT_BUNDLE_IDENTIFIER = com.SampleRateSwitcherTests;
				PRODUCT_NAME = "$(TARGET_NAME)";
				SWIFT_EMIT_LOC_STRINGS = NO;
				SWIFT_VERSION = 5.0;
				TEST_HOST = "$(BUILT_PRODUCTS_DIR)/SampleRateSwitcher.app/$(BUNDLE_EXECUTABLE_FOLDER_PATH)/SampleRateSwitcher";
			};
			name = Debug;
		};
		867B892D2DDE3A9F008E6E20 /* Release */ = {
			isa = XCBuildConfiguration;
			buildSettings = {
				BUNDLE_LOADER = "$(TEST_HOST)";
				CODE_SIGN_STYLE = Automatic;
				CURRENT_PROJECT_VERSION = 1;
				GENERATE_INFOPLIST_FILE = YES;
				MACOSX_DEPLOYMENT_TARGET = 15.4;
				MARKETING_VERSION = 1.0;
				PRODUCT_BUNDLE_IDENTIFIER = com.SampleRateSwitcherTests;
				PRODUCT_NAME = "$(TARGET_NAME)";
				SWIFT_EMIT_LOC_STRINGS = NO;
				SWIFT_VERSION = 5.0;
				TEST_HOST = "$(BUILT_PRODUCTS_DIR)/SampleRateSwitcher.app/$(BUNDLE_EXECUTABLE_FOLDER_PATH)/SampleRateSwitcher";
			};
			name = Release;
		};
		867B892F2DDE3A9F008E6E20 /* Debug */ = {
			isa = XCBuildConfiguration;
			buildSettings = {
				CODE_SIGN_STYLE = Automatic;
				CURRENT_PROJECT_VERSION = 1;
				GENERATE_INFOPLIST_FILE = YES;
				MARKETING_VERSION = 1.0;
				PRODUCT_BUNDLE_IDENTIFIER = com.SampleRateSwitcherUITests;
				PRODUCT_NAME = "$(TARGET_NAME)";
				SWIFT_EMIT_LOC_STRINGS = NO;
				SWIFT_VERSION = 5.0;
				TEST_TARGET_NAME = SampleRateSwitcher;
			};
			name = Debug;
		};
		867B89302DDE3A9F008E6E20 /* Release */ = {
			isa = XCBuildConfiguration;
			buildSettings = {
				CODE_SIGN_STYLE = Automatic;
				CURRENT_PROJECT_VERSION = 1;
				GENERATE_INFOPLIST_FILE = YES;
				MARKETING_VERSION = 1.0;
				PRODUCT_BUNDLE_IDENTIFIER = com.SampleRateSwitcherUITests;
				PRODUCT_NAME = "$(TARGET_NAME)";
				SWIFT_EMIT_LOC_STRINGS = NO;
				SWIFT_VERSION = 5.0;
				TEST_TARGET_NAME = SampleRateSwitcher;
			};
			name = Release;
		};
/* End XCBuildConfiguration section */

/* Begin XCConfigurationList section */
		867B89012DDE3A9D008E6E20 /* Build configuration list for PBXProject "SampleRateSwitcher" */ = {
			isa = XCConfigurationList;
			buildConfigurations = (
				867B89262DDE3A9F008E6E20 /* Debug */,
				867B89272DDE3A9F008E6E20 /* Release */,
			);
			defaultConfigurationIsVisible = 0;
			defaultConfigurationName = Release;
		};
		867B89282DDE3A9F008E6E20 /* Build configuration list for PBXNativeTarget "SampleRateSwitcher" */ = {
			isa = XCConfigurationList;
			buildConfigurations = (
				867B89292DDE3A9F008E6E20 /* Debug */,
				867B892A2DDE3A9F008E6E20 /* Release */,
			);
			defaultConfigurationIsVisible = 0;
			defaultConfigurationName = Release;
		};
		867B892B2DDE3A9F008E6E20 /* Build configuration list for PBXNativeTarget "SampleRateSwitcherTests" */ = {
			isa = XCConfigurationList;
			buildConfigurations = (
				867B892C2DDE3A9F008E6E20 /* Debug */,
				867B892D2DDE3A9F008E6E20 /* Release */,
			);
			defaultConfigurationIsVisible = 0;
			defaultConfigurationName = Release;
		};
		867B892E2DDE3A9F008E6E20 /* Build configuration list for PBXNativeTarget "SampleRateSwitcherUITests" */ = {
			isa = XCConfigurationList;
			buildConfigurations = (
				867B892F2DDE3A9F008E6E20 /* Debug */,
				867B89302DDE3A9F008E6E20 /* Release */,
			);
			defaultConfigurationIsVisible = 0;
			defaultConfigurationName = Release;
		};
/* End XCConfigurationList section */
	};
	rootObject = 867B88FE2DDE3A9D008E6E20 /* Project object */;
}
